
Microsoft Visual Studio Solution File, Format Version 12.00
# Visual Studio Version 17
VisualStudioVersion = 17.2.32505.173
MinimumVisualStudioVersion = 10.0.40219.1
Project("{FAE04EC0-301F-11D3-BF4B-00C04F79EFBC}") = "CrudzaoFoda.API", "CrudzaoFoda.API\CrudzaoFoda.API.csproj", "{1B42883F-2CC0-4ED5-BCA0-CBE62CACDFBA}"
EndProject
Global
	GlobalSection(SolutionConfigurationPlatforms) = preSolution
		Debug|Any CPU = Debug|Any CPU
		Release|Any CPU = Release|Any CPU
	EndGlobalSection
	GlobalSection(ProjectConfigurationPlatforms) = postSolution
		{1B42883F-2CC0-4ED5-BCA0-CBE62CACDFBA}.Debug|Any CPU.ActiveCfg = Debug|Any CPU
		{1B42883F-2CC0-4ED5-BCA0-CBE62CACDFBA}.Debug|Any CPU.Build.0 = Debug|Any CPU
		{1B42883F-2CC0-4ED5-BCA0-CBE62CACDFBA}.Release|Any CPU.ActiveCfg = Release|Any CPU
		{1B42883F-2CC0-4ED5-BCA0-CBE62CACDFBA}.Release|Any CPU.Build.0 = Release|Any CPU
	EndGlobalSection
	GlobalSection(SolutionProperties) = preSolution
		HideSolutionNode = FALSE
	EndGlobalSection
	GlobalSection(ExtensibilityGlobals) = postSolution
		SolutionGuid = {81D4421C-D422-4BD8-AB8C-B38BB700A6F7}
	EndGlobalSection
EndGlobal
